
Microsoft Visual Studio Solution File, Format Version 12.00
# Visual Studio 15
VisualStudioVersion = 15.0.28307.168
MinimumVisualStudioVersion = 10.0.40219.1
Project("{FAE04EC0-301F-11D3-BF4B-00C04F79EFBC}") = "Instagram Friends", "Instagram Friends\Instagram Friends.csproj", "{730D601E-5CE2-400C-805B-CDEAFD2D91B6}"
EndProject
Global
	GlobalSection(SolutionConfigurationPlatforms) = preSolution
		Debug|Any CPU = Debug|Any CPU
		Release|Any CPU = Release|Any CPU
	EndGlobalSection
	GlobalSection(ProjectConfigurationPlatforms) = postSolution
		{730D601E-5CE2-400C-805B-CDEAFD2D91B6}.Debug|Any CPU.ActiveCfg = Debug|Any CPU
		{730D601E-5CE2-400C-805B-CDEAFD2D91B6}.Debug|Any CPU.Build.0 = Debug|Any CPU
		{730D601E-5CE2-400C-805B-CDEAFD2D91B6}.Release|Any CPU.ActiveCfg = Release|Any CPU
		{730D601E-5CE2-400C-805B-CDEAFD2D91B6}.Release|Any CPU.Build.0 = Release|Any CPU
	EndGlobalSection
	GlobalSection(SolutionProperties) = preSolution
		HideSolutionNode = FALSE
	EndGlobalSection
	GlobalSection(ExtensibilityGlobals) = postSolution
		SolutionGuid = {FE31CA7F-C680-4186-90E3-733D41AF9DB8}
	EndGlobalSection
EndGlobal
